// !$*UTF8*$!
{
	archiveVersion = 1;
	classes = {
	};
	objectVersion = 46;
	objects = {

/* Begin PBXBuildFile section */
		3A2AA09D1CE8C7A200DF0834 /* Reachability.framework in Frameworks */ = {isa = PBXBuildFile; fileRef = 3A2AA09C1CE8C7A200DF0834 /* Reachability.framework */; };
		3A56931F1CEB640700ECE308 /* StudentInformation.swift in Sources */ = {isa = PBXBuildFile; fileRef = 3A56931E1CEB640700ECE308 /* StudentInformation.swift */; };
		3AD5BEC91CDF63370050C8C3 /* AppDelegate.swift in Sources */ = {isa = PBXBuildFile; fileRef = 3AD5BEC81CDF63370050C8C3 /* AppDelegate.swift */; };
		3AD5BECB1CDF63370050C8C3 /* LoginViewController.swift in Sources */ = {isa = PBXBuildFile; fileRef = 3AD5BECA1CDF63370050C8C3 /* LoginViewController.swift */; };
		3AD5BECE1CDF63370050C8C3 /* Main.storyboard in Resources */ = {isa = PBXBuildFile; fileRef = 3AD5BECC1CDF63370050C8C3 /* Main.storyboard */; };
		3AD5BED01CDF63370050C8C3 /* Assets.xcassets in Resources */ = {isa = PBXBuildFile; fileRef = 3AD5BECF1CDF63370050C8C3 /* Assets.xcassets */; };
		3AD5BED31CDF63370050C8C3 /* LaunchScreen.storyboard in Resources */ = {isa = PBXBuildFile; fileRef = 3AD5BED11CDF63370050C8C3 /* LaunchScreen.storyboard */; };
		3AD5BEDE1CDF63370050C8C3 /* on_the_mapTests.swift in Sources */ = {isa = PBXBuildFile; fileRef = 3AD5BEDD1CDF63370050C8C3 /* on_the_mapTests.swift */; };
		3AD5BEE91CDF63380050C8C3 /* on_the_mapUITests.swift in Sources */ = {isa = PBXBuildFile; fileRef = 3AD5BEE81CDF63380050C8C3 /* on_the_mapUITests.swift */; };
		3AD5BEF91CDF823D0050C8C3 /* SwiftyJSON.framework in Frameworks */ = {isa = PBXBuildFile; fileRef = 3AD5BEF81CDF823D0050C8C3 /* SwiftyJSON.framework */; };
		3AD5BEFB1CDF836F0050C8C3 /* Alamofire.framework in Frameworks */ = {isa = PBXBuildFile; fileRef = 3AD5BEF61CDF76DD0050C8C3 /* Alamofire.framework */; };
		3ADFE6BC1CF3372300BBE03B /* TableTabbedViewController.swift in Sources */ = {isa = PBXBuildFile; fileRef = 3ADFE6BB1CF3372300BBE03B /* TableTabbedViewController.swift */; };
/* End PBXBuildFile section */

/* Begin PBXContainerItemProxy section */
		3AD5BEDA1CDF63370050C8C3 /* PBXContainerItemProxy */ = {
			isa = PBXContainerItemProxy;
			containerPortal = 3AD5BEBD1CDF63370050C8C3 /* Project object */;
			proxyType = 1;
			remoteGlobalIDString = 3AD5BEC41CDF63370050C8C3;
			remoteInfo = on_the_map;
		};
		3AD5BEE51CDF63380050C8C3 /* PBXContainerItemProxy */ = {
			isa = PBXContainerItemProxy;
			containerPortal = 3AD5BEBD1CDF63370050C8C3 /* Project object */;
			proxyType = 1;
			remoteGlobalIDString = 3AD5BEC41CDF63370050C8C3;
			remoteInfo = on_the_map;
		};
/* End PBXContainerItemProxy section */

/* Begin PBXFileReference section */
		3A2AA09C1CE8C7A200DF0834 /* Reachability.framework */ = {isa = PBXFileReference; lastKnownFileType = wrapper.framework; name = Reachability.framework; path = Carthage/Build/iOS/Reachability.framework; sourceTree = "<group>"; };
		3A56931E1CEB640700ECE308 /* StudentInformation.swift */ = {isa = PBXFileReference; fileEncoding = 4; lastKnownFileType = sourcecode.swift; path = StudentInformation.swift; sourceTree = "<group>"; };
		3AD5BEC51CDF63370050C8C3 /* on_the_map.app */ = {isa = PBXFileReference; explicitFileType = wrapper.application; includeInIndex = 0; path = on_the_map.app; sourceTree = BUILT_PRODUCTS_DIR; };
		3AD5BEC81CDF63370050C8C3 /* AppDelegate.swift */ = {isa = PBXFileReference; lastKnownFileType = sourcecode.swift; path = AppDelegate.swift; sourceTree = "<group>"; };
		3AD5BECA1CDF63370050C8C3 /* LoginViewController.swift */ = {isa = PBXFileReference; lastKnownFileType = sourcecode.swift; path = LoginViewController.swift; sourceTree = "<group>"; };
		3AD5BECD1CDF63370050C8C3 /* Base */ = {isa = PBXFileReference; lastKnownFileType = file.storyboard; name = Base; path = Base.lproj/Main.storyboard; sourceTree = "<group>"; };
		3AD5BECF1CDF63370050C8C3 /* Assets.xcassets */ = {isa = PBXFileReference; lastKnownFileType = folder.assetcatalog; path = Assets.xcassets; sourceTree = "<group>"; };
		3AD5BED21CDF63370050C8C3 /* Base */ = {isa = PBXFileReference; lastKnownFileType = file.storyboard; name = Base; path = Base.lproj/LaunchScreen.storyboard; sourceTree = "<group>"; };
		3AD5BED41CDF63370050C8C3 /* Info.plist */ = {isa = PBXFileReference; lastKnownFileType = text.plist.xml; path = Info.plist; sourceTree = "<group>"; };
		3AD5BED91CDF63370050C8C3 /* on_the_mapTests.xctest */ = {isa = PBXFileReference; explicitFileType = wrapper.cfbundle; includeInIndex = 0; path = on_the_mapTests.xctest; sourceTree = BUILT_PRODUCTS_DIR; };
		3AD5BEDD1CDF63370050C8C3 /* on_the_mapTests.swift */ = {isa = PBXFileReference; lastKnownFileType = sourcecode.swift; path = on_the_mapTests.swift; sourceTree = "<group>"; };
		3AD5BEDF1CDF63370050C8C3 /* Info.plist */ = {isa = PBXFileReference; lastKnownFileType = text.plist.xml; path = Info.plist; sourceTree = "<group>"; };
		3AD5BEE41CDF63380050C8C3 /* on_the_mapUITests.xctest */ = {isa = PBXFileReference; explicitFileType = wrapper.cfbundle; includeInIndex = 0; path = on_the_mapUITests.xctest; sourceTree = BUILT_PRODUCTS_DIR; };
		3AD5BEE81CDF63380050C8C3 /* on_the_mapUITests.swift */ = {isa = PBXFileReference; lastKnownFileType = sourcecode.swift; path = on_the_mapUITests.swift; sourceTree = "<group>"; };
		3AD5BEEA1CDF63380050C8C3 /* Info.plist */ = {isa = PBXFileReference; lastKnownFileType = text.plist.xml; path = Info.plist; sourceTree = "<group>"; };
		3AD5BEF61CDF76DD0050C8C3 /* Alamofire.framework */ = {isa = PBXFileReference; lastKnownFileType = wrapper.framework; name = Alamofire.framework; path = Carthage/Build/iOS/Alamofire.framework; sourceTree = "<group>"; };
		3AD5BEF81CDF823D0050C8C3 /* SwiftyJSON.framework */ = {isa = PBXFileReference; lastKnownFileType = wrapper.framework; name = SwiftyJSON.framework; path = Carthage/Build/iOS/SwiftyJSON.framework; sourceTree = "<group>"; };
		3ADFE6BB1CF3372300BBE03B /* TableTabbedViewController.swift */ = {isa = PBXFileReference; fileEncoding = 4; lastKnownFileType = sourcecode.swift; path = TableTabbedViewController.swift; sourceTree = "<group>"; };
/* End PBXFileReference section */

/* Begin PBXFrameworksBuildPhase section */
		3AD5BEC21CDF63370050C8C3 /* Frameworks */ = {
			isa = PBXFrameworksBuildPhase;
			buildActionMask = 2147483647;
			files = (
				3A2AA09D1CE8C7A200DF0834 /* Reachability.framework in Frameworks */,
				3AD5BEFB1CDF836F0050C8C3 /* Alamofire.framework in Frameworks */,
				3AD5BEF91CDF823D0050C8C3 /* SwiftyJSON.framework in Frameworks */,
			);
			runOnlyForDeploymentPostprocessing = 0;
		};
		3AD5BED61CDF63370050C8C3 /* Frameworks */ = {
			isa = PBXFrameworksBuildPhase;
			buildActionMask = 2147483647;
			files = (
			);
			runOnlyForDeploymentPostprocessing = 0;
		};
		3AD5BEE11CDF63380050C8C3 /* Frameworks */ = {
			isa = PBXFrameworksBuildPhase;
			buildActionMask = 2147483647;
			files = (
			);
			runOnlyForDeploymentPostprocessing = 0;
		};
/* End PBXFrameworksBuildPhase section */

/* Begin PBXGroup section */
		3AD5BEBC1CDF63370050C8C3 = {
			isa = PBXGroup;
			children = (
				3A2AA09C1CE8C7A200DF0834 /* Reachability.framework */,
				3AD5BEF81CDF823D0050C8C3 /* SwiftyJSON.framework */,
				3AD5BEF61CDF76DD0050C8C3 /* Alamofire.framework */,
				3AD5BEC71CDF63370050C8C3 /* on_the_map */,
				3AD5BEDC1CDF63370050C8C3 /* on_the_mapTests */,
				3AD5BEE71CDF63380050C8C3 /* on_the_mapUITests */,
				3AD5BEC61CDF63370050C8C3 /* Products */,
			);
			sourceTree = "<group>";
		};
		3AD5BEC61CDF63370050C8C3 /* Products */ = {
			isa = PBXGroup;
			children = (
				3AD5BEC51CDF63370050C8C3 /* on_the_map.app */,
				3AD5BED91CDF63370050C8C3 /* on_the_mapTests.xctest */,
				3AD5BEE41CDF63380050C8C3 /* on_the_mapUITests.xctest */,
			);
			name = Products;
			sourceTree = "<group>";
		};
		3AD5BEC71CDF63370050C8C3 /* on_the_map */ = {
			isa = PBXGroup;
			children = (
				3AD5BEC81CDF63370050C8C3 /* AppDelegate.swift */,
				3AD5BECA1CDF63370050C8C3 /* LoginViewController.swift */,
				3AD5BECC1CDF63370050C8C3 /* Main.storyboard */,
				3ADFE6BB1CF3372300BBE03B /* TableTabbedViewController.swift */,
				3AD5BECF1CDF63370050C8C3 /* Assets.xcassets */,
				3AD5BED11CDF63370050C8C3 /* LaunchScreen.storyboard */,
				3AD5BED41CDF63370050C8C3 /* Info.plist */,
				3A56931E1CEB640700ECE308 /* StudentInformation.swift */,
			);
			path = on_the_map;
			sourceTree = "<group>";
		};
		3AD5BEDC1CDF63370050C8C3 /* on_the_mapTests */ = {
			isa = PBXGroup;
			children = (
				3AD5BEDD1CDF63370050C8C3 /* on_the_mapTests.swift */,
				3AD5BEDF1CDF63370050C8C3 /* Info.plist */,
			);
			path = on_the_mapTests;
			sourceTree = "<group>";
		};
		3AD5BEE71CDF63380050C8C3 /* on_the_mapUITests */ = {
			isa = PBXGroup;
			children = (
				3AD5BEE81CDF63380050C8C3 /* on_the_mapUITests.swift */,
				3AD5BEEA1CDF63380050C8C3 /* Info.plist */,
			);
			path = on_the_mapUITests;
			sourceTree = "<group>";
		};
/* End PBXGroup section */

/* Begin PBXNativeTarget section */
		3AD5BEC41CDF63370050C8C3 /* on_the_map */ = {
			isa = PBXNativeTarget;
			buildConfigurationList = 3AD5BEED1CDF63380050C8C3 /* Build configuration list for PBXNativeTarget "on_the_map" */;
			buildPhases = (
				3AD5BEC11CDF63370050C8C3 /* Sources */,
				3AD5BEC21CDF63370050C8C3 /* Frameworks */,
				3AD5BEC31CDF63370050C8C3 /* Resources */,
				3AD5BEFA1CDF82600050C8C3 /* ShellScript */,
			);
			buildRules = (
			);
			dependencies = (
			);
			name = on_the_map;
			productName = on_the_map;
			productReference = 3AD5BEC51CDF63370050C8C3 /* on_the_map.app */;
			productType = "com.apple.product-type.application";
		};
		3AD5BED81CDF63370050C8C3 /* on_the_mapTests */ = {
			isa = PBXNativeTarget;
			buildConfigurationList = 3AD5BEF01CDF63380050C8C3 /* Build configuration list for PBXNativeTarget "on_the_mapTests" */;
			buildPhases = (
				3AD5BED51CDF63370050C8C3 /* Sources */,
				3AD5BED61CDF63370050C8C3 /* Frameworks */,
				3AD5BED71CDF63370050C8C3 /* Resources */,
			);
			buildRules = (
			);
			dependencies = (
				3AD5BEDB1CDF63370050C8C3 /* PBXTargetDependency */,
			);
			name = on_the_mapTests;
			productName = on_the_mapTests;
			productReference = 3AD5BED91CDF63370050C8C3 /* on_the_mapTests.xctest */;
			productType = "com.apple.product-type.bundle.unit-test";
		};
		3AD5BEE31CDF63380050C8C3 /* on_the_mapUITests */ = {
			isa = PBXNativeTarget;
			buildConfigurationList = 3AD5BEF31CDF63380050C8C3 /* Build configuration list for PBXNativeTarget "on_the_mapUITests" */;
			buildPhases = (
				3AD5BEE01CDF63380050C8C3 /* Sources */,
				3AD5BEE11CDF63380050C8C3 /* Frameworks */,
				3AD5BEE21CDF63380050C8C3 /* Resources */,
			);
			buildRules = (
			);
			dependencies = (
				3AD5BEE61CDF63380050C8C3 /* PBXTargetDependency */,
			);
			name = on_the_mapUITests;
			productName = on_the_mapUITests;
			productReference = 3AD5BEE41CDF63380050C8C3 /* on_the_mapUITests.xctest */;
			productType = "com.apple.product-type.bundle.ui-testing";
		};
/* End PBXNativeTarget section */

/* Begin PBXProject section */
		3AD5BEBD1CDF63370050C8C3 /* Project object */ = {
			isa = PBXProject;
			attributes = {
				LastSwiftUpdateCheck = 0730;
				LastUpgradeCheck = 0730;
				ORGANIZATIONNAME = "Ming Hu";
				TargetAttributes = {
					3AD5BEC41CDF63370050C8C3 = {
						CreatedOnToolsVersion = 7.3;
						DevelopmentTeam = QM598M5WMV;
					};
					3AD5BED81CDF63370050C8C3 = {
						CreatedOnToolsVersion = 7.3;
						DevelopmentTeam = QM598M5WMV;
						TestTargetID = 3AD5BEC41CDF63370050C8C3;
					};
					3AD5BEE31CDF63380050C8C3 = {
						CreatedOnToolsVersion = 7.3;
						DevelopmentTeam = QM598M5WMV;
						TestTargetID = 3AD5BEC41CDF63370050C8C3;
					};
				};
			};
			buildConfigurationList = 3AD5BEC01CDF63370050C8C3 /* Build configuration list for PBXProject "on_the_map" */;
			compatibilityVersion = "Xcode 3.2";
			developmentRegion = English;
			hasScannedForEncodings = 0;
			knownRegions = (
				en,
				Base,
			);
			mainGroup = 3AD5BEBC1CDF63370050C8C3;
			productRefGroup = 3AD5BEC61CDF63370050C8C3 /* Products */;
			projectDirPath = "";
			projectRoot = "";
			targets = (
				3AD5BEC41CDF63370050C8C3 /* on_the_map */,
				3AD5BED81CDF63370050C8C3 /* on_the_mapTests */,
				3AD5BEE31CDF63380050C8C3 /* on_the_mapUITests */,
			);
		};
/* End PBXProject section */

/* Begin PBXResourcesBuildPhase section */
		3AD5BEC31CDF63370050C8C3 /* Resources */ = {
			isa = PBXResourcesBuildPhase;
			buildActionMask = 2147483647;
			files = (
				3AD5BED31CDF63370050C8C3 /* LaunchScreen.storyboard in Resources */,
				3AD5BED01CDF63370050C8C3 /* Assets.xcassets in Resources */,
				3AD5BECE1CDF63370050C8C3 /* Main.storyboard in Resources */,
			);
			runOnlyForDeploymentPostprocessing = 0;
		};
		3AD5BED71CDF63370050C8C3 /* Resources */ = {
			isa = PBXResourcesBuildPhase;
			buildActionMask = 2147483647;
			files = (
			);
			runOnlyForDeploymentPostprocessing = 0;
		};
		3AD5BEE21CDF63380050C8C3 /* Resources */ = {
			isa = PBXResourcesBuildPhase;
			buildActionMask = 2147483647;
			files = (
			);
			runOnlyForDeploymentPostprocessing = 0;
		};
/* End PBXResourcesBuildPhase section */

/* Begin PBXShellScriptBuildPhase section */
		3AD5BEFA1CDF82600050C8C3 /* ShellScript */ = {
			isa = PBXShellScriptBuildPhase;
			buildActionMask = 2147483647;
			files = (
			);
			inputPaths = (
				"$(SRCROOT)/Carthage/Build/iOS/Alamofire.framework",
				"$(SRCROOT)/Carthage/Build/iOS/SwiftyJSON.framework",
				"$(SRCROOT)/Carthage/Build/iOS/Reachability.framework",
			);
			outputPaths = (
			);
			runOnlyForDeploymentPostprocessing = 0;
			shellPath = /bin/sh;
			shellScript = "/usr/local/bin/carthage copy-frameworks";
		};
/* End PBXShellScriptBuildPhase section */

/* Begin PBXSourcesBuildPhase section */
		3AD5BEC11CDF63370050C8C3 /* Sources */ = {
			isa = PBXSourcesBuildPhase;
			buildActionMask = 2147483647;
			files = (
				3A56931F1CEB640700ECE308 /* StudentInformation.swift in Sources */,
				3AD5BECB1CDF63370050C8C3 /* LoginViewController.swift in Sources */,
				3AD5BEC91CDF63370050C8C3 /* AppDelegate.swift in Sources */,
				3ADFE6BC1CF3372300BBE03B /* TableTabbedViewController.swift in Sources */,
			);
			runOnlyForDeploymentPostprocessing = 0;
		};
		3AD5BED51CDF63370050C8C3 /* Sources */ = {
			isa = PBXSourcesBuildPhase;
			buildActionMask = 2147483647;
			files = (
				3AD5BEDE1CDF63370050C8C3 /* on_the_mapTests.swift in Sources */,
			);
			runOnlyForDeploymentPostprocessing = 0;
		};
		3AD5BEE01CDF63380050C8C3 /* Sources */ = {
			isa = PBXSourcesBuildPhase;
			buildActionMask = 2147483647;
			files = (
				3AD5BEE91CDF63380050C8C3 /* on_the_mapUITests.swift in Sources */,
			);
			runOnlyForDeploymentPostprocessing = 0;
		};
/* End PBXSourcesBuildPhase section */

/* Begin PBXTargetDependency section */
		3AD5BEDB1CDF63370050C8C3 /* PBXTargetDependency */ = {
			isa = PBXTargetDependency;
			target = 3AD5BEC41CDF63370050C8C3 /* on_the_map */;
			targetProxy = 3AD5BEDA1CDF63370050C8C3 /* PBXContainerItemProxy */;
		};
		3AD5BEE61CDF63380050C8C3 /* PBXTargetDependency */ = {
			isa = PBXTargetDependency;
			target = 3AD5BEC41CDF63370050C8C3 /* on_the_map */;
			targetProxy = 3AD5BEE51CDF63380050C8C3 /* PBXContainerItemProxy */;
		};
/* End PBXTargetDependency section */

/* Begin PBXVariantGroup section */
		3AD5BECC1CDF63370050C8C3 /* Main.storyboard */ = {
			isa = PBXVariantGroup;
			children = (
				3AD5BECD1CDF63370050C8C3 /* Base */,
			);
			name = Main.storyboard;
			sourceTree = "<group>";
		};
		3AD5BED11CDF63370050C8C3 /* LaunchScreen.storyboard */ = {
			isa = PBXVariantGroup;
			children = (
				3AD5BED21CDF63370050C8C3 /* Base */,
			);
			name = LaunchScreen.storyboard;
			sourceTree = "<group>";
		};
/* End PBXVariantGroup section */

/* Begin XCBuildConfiguration section */
		3AD5BEEB1CDF63380050C8C3 /* Debug */ = {
			isa = XCBuildConfiguration;
			buildSettings = {
				ALWAYS_SEARCH_USER_PATHS = NO;
				CLANG_ANALYZER_NONNULL = YES;
				CLANG_CXX_LANGUAGE_STANDARD = "gnu++0x";
				CLANG_CXX_LIBRARY = "libc++";
				CLANG_ENABLE_MODULES = YES;
				CLANG_ENABLE_OBJC_ARC = YES;
				CLANG_WARN_BOOL_CONVERSION = YES;
				CLANG_WARN_CONSTANT_CONVERSION = YES;
				CLANG_WARN_DIRECT_OBJC_ISA_USAGE = YES_ERROR;
				CLANG_WARN_EMPTY_BODY = YES;
				CLANG_WARN_ENUM_CONVERSION = YES;
				CLANG_WARN_INT_CONVERSION = YES;
				CLANG_WARN_OBJC_ROOT_CLASS = YES_ERROR;
				CLANG_WARN_UNREACHABLE_CODE = YES;
				CLANG_WARN__DUPLICATE_METHOD_MATCH = YES;
				"CODE_SIGN_IDENTITY[sdk=iphoneos*]" = "iPhone Developer";
				COPY_PHASE_STRIP = NO;
				DEBUG_INFORMATION_FORMAT = dwarf;
				ENABLE_STRICT_OBJC_MSGSEND = YES;
				ENABLE_TESTABILITY = YES;
				GCC_C_LANGUAGE_STANDARD = gnu99;
				GCC_DYNAMIC_NO_PIC = NO;
				GCC_NO_COMMON_BLOCKS = YES;
				GCC_OPTIMIZATION_LEVEL = 0;
				GCC_PREPROCESSOR_DEFINITIONS = (
					"DEBUG=1",
					"$(inherited)",
				);
				GCC_WARN_64_TO_32_BIT_CONVERSION = YES;
				GCC_WARN_ABOUT_RETURN_TYPE = YES_ERROR;
				GCC_WARN_UNDECLARED_SELECTOR = YES;
				GCC_WARN_UNINITIALIZED_AUTOS = YES_AGGRESSIVE;
				GCC_WARN_UNUSED_FUNCTION = YES;
				GCC_WARN_UNUSED_VARIABLE = YES;
				IPHONEOS_DEPLOYMENT_TARGET = 9.3;
				MTL_ENABLE_DEBUG_INFO = YES;
				ONLY_ACTIVE_ARCH = YES;
				SDKROOT = iphoneos;
				SWIFT_OPTIMIZATION_LEVEL = "-Onone";
			};
			name = Debug;
		};
		3AD5BEEC1CDF63380050C8C3 /* Release */ = {
			isa = XCBuildConfiguration;
			buildSettings = {
				ALWAYS_SEARCH_USER_PATHS = NO;
				CLANG_ANALYZER_NONNULL = YES;
				CLANG_CXX_LANGUAGE_STANDARD = "gnu++0x";
				CLANG_CXX_LIBRARY = "libc++";
				CLANG_ENABLE_MODULES = YES;
				CLANG_ENABLE_OBJC_ARC = YES;
				CLANG_WARN_BOOL_CONVERSION = YES;
				CLANG_WARN_CONSTANT_CONVERSION = YES;
				CLANG_WARN_DIRECT_OBJC_ISA_USAGE = YES_ERROR;
				CLANG_WARN_EMPTY_BODY = YES;
				CLANG_WARN_ENUM_CONVERSION = YES;
				CLANG_WARN_INT_CONVERSION = YES;
				CLANG_WARN_OBJC_ROOT_CLASS = YES_ERROR;
				CLANG_WARN_UNREACHABLE_CODE = YES;
				CLANG_WARN__DUPLICATE_METHOD_MATCH = YES;
				"CODE_SIGN_IDENTITY[sdk=iphoneos*]" = "iPhone Developer";
				COPY_PHASE_STRIP = NO;
				DEBUG_INFORMATION_FORMAT = "dwarf-with-dsym";
				ENABLE_NS_ASSERTIONS = NO;
				ENABLE_STRICT_OBJC_MSGSEND = YES;
				GCC_C_LANGUAGE_STANDARD = gnu99;
				GCC_NO_COMMON_BLOCKS = YES;
				GCC_WARN_64_TO_32_BIT_CONVERSION = YES;
				GCC_WARN_ABOUT_RETURN_TYPE = YES_ERROR;
				GCC_WARN_UNDECLARED_SELECTOR = YES;
				GCC_WARN_UNINITIALIZED_AUTOS = YES_AGGRESSIVE;
				GCC_WARN_UNUSED_FUNCTION = YES;
				GCC_WARN_UNUSED_VARIABLE = YES;
				IPHONEOS_DEPLOYMENT_TARGET = 9.3;
				MTL_ENABLE_DEBUG_INFO = NO;
				SDKROOT = iphoneos;
				VALIDATE_PRODUCT = YES;
			};
			name = Release;
		};
		3AD5BEEE1CDF63380050C8C3 /* Debug */ = {
			isa = XCBuildConfiguration;
			buildSettings = {
				ASSETCATALOG_COMPILER_APPICON_NAME = AppIcon;
				FRAMEWORK_SEARCH_PATHS = (
					"$(inherited)",
					"$(PROJECT_DIR)/Carthage/Build/iOS",
				);
				INFOPLIST_FILE = on_the_map/Info.plist;
				LD_RUNPATH_SEARCH_PATHS = "$(inherited) @executable_path/Frameworks";
				PRODUCT_BUNDLE_IDENTIFIER = "ming.on-the-map";
				PRODUCT_NAME = "$(TARGET_NAME)";
			};
			name = Debug;
		};
		3AD5BEEF1CDF63380050C8C3 /* Release */ = {
			isa = XCBuildConfiguration;
			buildSettings = {
				ASSETCATALOG_COMPILER_APPICON_NAME = AppIcon;
				FRAMEWORK_SEARCH_PATHS = (
					"$(inherited)",
					"$(PROJECT_DIR)/Carthage/Build/iOS",
				);
				INFOPLIST_FILE = on_the_map/Info.plist;
				LD_RUNPATH_SEARCH_PATHS = "$(inherited) @executable_path/Frameworks";
				PRODUCT_BUNDLE_IDENTIFIER = "ming.on-the-map";
				PRODUCT_NAME = "$(TARGET_NAME)";
			};
			name = Release;
		};
		3AD5BEF11CDF63380050C8C3 /* Debug */ = {
			isa = XCBuildConfiguration;
			buildSettings = {
				BUNDLE_LOADER = "$(TEST_HOST)";
				INFOPLIST_FILE = on_the_mapTests/Info.plist;
				LD_RUNPATH_SEARCH_PATHS = "$(inherited) @executable_path/Frameworks @loader_path/Frameworks";
				PRODUCT_BUNDLE_IDENTIFIER = "ming.on-the-mapTests";
				PRODUCT_NAME = "$(TARGET_NAME)";
				TEST_HOST = "$(BUILT_PRODUCTS_DIR)/on_the_map.app/on_the_map";
			};
			name = Debug;
		};
		3AD5BEF21CDF63380050C8C3 /* Release */ = {
			isa = XCBuildConfiguration;
			buildSettings = {
				BUNDLE_LOADER = "$(TEST_HOST)";
				INFOPLIST_FILE = on_the_mapTests/Info.plist;
				LD_RUNPATH_SEARCH_PATHS = "$(inherited) @executable_path/Frameworks @loader_path/Frameworks";
				PRODUCT_BUNDLE_IDENTIFIER = "ming.on-the-mapTests";
				PRODUCT_NAME = "$(TARGET_NAME)";
				TEST_HOST = "$(BUILT_PRODUCTS_DIR)/on_the_map.app/on_the_map";
			};
			name = Release;
		};
		3AD5BEF41CDF63380050C8C3 /* Debug */ = {
			isa = XCBuildConfiguration;
			buildSettings = {
				INFOPLIST_FILE = on_the_mapUITests/Info.plist;
				LD_RUNPATH_SEARCH_PATHS = "$(inherited) @executable_path/Frameworks @loader_path/Frameworks";
				PRODUCT_BUNDLE_IDENTIFIER = "ming.on-the-mapUITests";
				PRODUCT_NAME = "$(TARGET_NAME)";
				TEST_TARGET_NAME = on_the_map;
			};
			name = Debug;
		};
		3AD5BEF51CDF63380050C8C3 /* Release */ = {
			isa = XCBuildConfiguration;
			buildSettings = {
				INFOPLIST_FILE = on_the_mapUITests/Info.plist;
				LD_RUNPATH_SEARCH_PATHS = "$(inherited) @executable_path/Frameworks @loader_path/Frameworks";
				PRODUCT_BUNDLE_IDENTIFIER = "ming.on-the-mapUITests";
				PRODUCT_NAME = "$(TARGET_NAME)";
				TEST_TARGET_NAME = on_the_map;
			};
			name = Release;
		};
/* End XCBuildConfiguration section */

/* Begin XCConfigurationList section */
		3AD5BEC01CDF63370050C8C3 /* Build configuration list for PBXProject "on_the_map" */ = {
			isa = XCConfigurationList;
			buildConfigurations = (
				3AD5BEEB1CDF63380050C8C3 /* Debug */,
				3AD5BEEC1CDF63380050C8C3 /* Release */,
			);
			defaultConfigurationIsVisible = 0;
			defaultConfigurationName = Release;
		};
		3AD5BEED1CDF63380050C8C3 /* Build configuration list for PBXNativeTarget "on_the_map" */ = {
			isa = XCConfigurationList;
			buildConfigurations = (
				3AD5BEEE1CDF63380050C8C3 /* Debug */,
				3AD5BEEF1CDF63380050C8C3 /* Release */,
			);
			defaultConfigurationIsVisible = 0;
			defaultConfigurationName = Release;
		};
		3AD5BEF01CDF63380050C8C3 /* Build configuration list for PBXNativeTarget "on_the_mapTests" */ = {
			isa = XCConfigurationList;
			buildConfigurations = (
				3AD5BEF11CDF63380050C8C3 /* Debug */,
				3AD5BEF21CDF63380050C8C3 /* Release */,
			);
			defaultConfigurationIsVisible = 0;
			defaultConfigurationName = Release;
		};
		3AD5BEF31CDF63380050C8C3 /* Build configuration list for PBXNativeTarget "on_the_mapUITests" */ = {
			isa = XCConfigurationList;
			buildConfigurations = (
				3AD5BEF41CDF63380050C8C3 /* Debug */,
				3AD5BEF51CDF63380050C8C3 /* Release */,
			);
			defaultConfigurationIsVisible = 0;
			defaultConfigurationName = Release;
		};
/* End XCConfigurationList section */
	};
	rootObject = 3AD5BEBD1CDF63370050C8C3 /* Project object */;
}
